
Microsoft Visual Studio Solution File, Format Version 12.00
# Visual Studio 15
VisualStudioVersion = 15.0.27004.2005
MinimumVisualStudioVersion = 10.0.40219.1
Project("{FAE04EC0-301F-11D3-BF4B-00C04F79EFBC}") = "WebReserva", "WebReserva\WebReserva.csproj", "{3ED3E4A2-3A61-45EF-BE54-E8FA4D5901C5}"
EndProject
Global
	GlobalSection(SolutionConfigurationPlatforms) = preSolution
		Debug|Any CPU = Debug|Any CPU
		Release|Any CPU = Release|Any CPU
	EndGlobalSection
	GlobalSection(ProjectConfigurationPlatforms) = postSolution
		{3ED3E4A2-3A61-45EF-BE54-E8FA4D5901C5}.Debug|Any CPU.ActiveCfg = Debug|Any CPU
		{3ED3E4A2-3A61-45EF-BE54-E8FA4D5901C5}.Debug|Any CPU.Build.0 = Debug|Any CPU
		{3ED3E4A2-3A61-45EF-BE54-E8FA4D5901C5}.Release|Any CPU.ActiveCfg = Release|Any CPU
		{3ED3E4A2-3A61-45EF-BE54-E8FA4D5901C5}.Release|Any CPU.Build.0 = Release|Any CPU
	EndGlobalSection
	GlobalSection(SolutionProperties) = preSolution
		HideSolutionNode = FALSE
	EndGlobalSection
	GlobalSection(ExtensibilityGlobals) = postSolution
		SolutionGuid = {26B232CD-8DC1-4090-B372-3E22A52352CF}
	EndGlobalSection
EndGlobal
